
Microsoft Visual Studio Solution File, Format Version 12.00
# Visual Studio 2012
Project("{FAE04EC0-301F-11D3-BF4B-00C04F79EFBC}") = "BootstrapSample", "BootstrapSample\BootstrapSample.csproj", "{2D613836-3EBC-4D5E-9AF0-399106146584}"
EndProject
Global
	GlobalSection(SolutionConfigurationPlatforms) = preSolution
		Debug|Any CPU = Debug|Any CPU
		Release|Any CPU = Release|Any CPU
	EndGlobalSection
	GlobalSection(ProjectConfigurationPlatforms) = postSolution
		{2D613836-3EBC-4D5E-9AF0-399106146584}.Debug|Any CPU.ActiveCfg = Debug|Any CPU
		{2D613836-3EBC-4D5E-9AF0-399106146584}.Debug|Any CPU.Build.0 = Debug|Any CPU
		{2D613836-3EBC-4D5E-9AF0-399106146584}.Release|Any CPU.ActiveCfg = Release|Any CPU
		{2D613836-3EBC-4D5E-9AF0-399106146584}.Release|Any CPU.Build.0 = Release|Any CPU
	EndGlobalSection
	GlobalSection(SolutionProperties) = preSolution
		HideSolutionNode = FALSE
	EndGlobalSection
EndGlobal
