
Microsoft Visual Studio Solution File, Format Version 12.00
# Visual Studio 2012
Project("{FAE04EC0-301F-11D3-BF4B-00C04F79EFBC}") = "NavigationRoutes", "NavigationRoutes\NavigationRoutes.csproj", "{99C9DF7C-04F4-426C-AEE2-3456B80429E3}"
EndProject
Project("{FAE04EC0-301F-11D3-BF4B-00C04F79EFBC}") = "UnitTests", "UnitTests\UnitTests.csproj", "{1DE24F82-FA0F-410E-BEEA-C9F8A5C87D44}"
EndProject
Global
	GlobalSection(SolutionConfigurationPlatforms) = preSolution
		Debug|Any CPU = Debug|Any CPU
		Release|Any CPU = Release|Any CPU
	EndGlobalSection
	GlobalSection(ProjectConfigurationPlatforms) = postSolution
		{99C9DF7C-04F4-426C-AEE2-3456B80429E3}.Debug|Any CPU.ActiveCfg = Debug|Any CPU
		{99C9DF7C-04F4-426C-AEE2-3456B80429E3}.Debug|Any CPU.Build.0 = Debug|Any CPU
		{99C9DF7C-04F4-426C-AEE2-3456B80429E3}.Release|Any CPU.ActiveCfg = Release|Any CPU
		{99C9DF7C-04F4-426C-AEE2-3456B80429E3}.Release|Any CPU.Build.0 = Release|Any CPU
		{1DE24F82-FA0F-410E-BEEA-C9F8A5C87D44}.Debug|Any CPU.ActiveCfg = Debug|Any CPU
		{1DE24F82-FA0F-410E-BEEA-C9F8A5C87D44}.Debug|Any CPU.Build.0 = Debug|Any CPU
		{1DE24F82-FA0F-410E-BEEA-C9F8A5C87D44}.Release|Any CPU.ActiveCfg = Release|Any CPU
		{1DE24F82-FA0F-410E-BEEA-C9F8A5C87D44}.Release|Any CPU.Build.0 = Release|Any CPU
	EndGlobalSection
	GlobalSection(SolutionProperties) = preSolution
		HideSolutionNode = FALSE
	EndGlobalSection
EndGlobal
